Microsoft Visual Studio Solution File, Format Version 12.00
# Visual Studio Version 17
VisualStudioVersion = 17.5.2.0
MinimumVisualStudioVersion = 10.0.40219.1
Project("{FAE04EC0-301F-11D3-BF4B-00C04F79EFBC}") = "PlantApi", "PlantApi.csproj", "{B5B9F597-67E0-77C4-8072-735EAE4B33BC}"
EndProject
Global
	GlobalSection(SolutionConfigurationPlatforms) = preSolution
		Debug|Any CPU = Debug|Any CPU
		Release|Any CPU = Release|Any CPU
	EndGlobalSection
	GlobalSection(ProjectConfigurationPlatforms) = postSolution
		{B5B9F597-67E0-77C4-8072-735EAE4B33BC}.Debug|Any CPU.ActiveCfg = Debug|Any CPU
		{B5B9F597-67E0-77C4-8072-735EAE4B33BC}.Debug|Any CPU.Build.0 = Debug|Any CPU
		{B5B9F597-67E0-77C4-8072-735EAE4B33BC}.Release|Any CPU.ActiveCfg = Release|Any CPU
		{B5B9F597-67E0-77C4-8072-735EAE4B33BC}.Release|Any CPU.Build.0 = Release|Any CPU
	EndGlobalSection
	GlobalSection(SolutionProperties) = preSolution
		HideSolutionNode = FALSE
	EndGlobalSection
	GlobalSection(ExtensibilityGlobals) = postSolution
		SolutionGuid = {FE428EB1-5225-445D-A94E-9DEE4F7AB191}
	EndGlobalSection
EndGlobal
