Microsoft Visual Studio Solution File, Format Version 12.00
# Visual Studio Version 17
VisualStudioVersion = 17.5.2.0
MinimumVisualStudioVersion = 10.0.40219.1
Project("{FAE04EC0-301F-11D3-BF4B-00C04F79EFBC}") = "Part1_RazorPages_Laptop", "Part1_RazorPages_Laptop.csproj", "{829598FC-8F60-F139-1ABE-81EDA0ECA5E0}"
EndProject
Global
	GlobalSection(SolutionConfigurationPlatforms) = preSolution
		Debug|Any CPU = Debug|Any CPU
		Release|Any CPU = Release|Any CPU
	EndGlobalSection
	GlobalSection(ProjectConfigurationPlatforms) = postSolution
		{829598FC-8F60-F139-1ABE-81EDA0ECA5E0}.Debug|Any CPU.ActiveCfg = Debug|Any CPU
		{829598FC-8F60-F139-1ABE-81EDA0ECA5E0}.Debug|Any CPU.Build.0 = Debug|Any CPU
		{829598FC-8F60-F139-1ABE-81EDA0ECA5E0}.Release|Any CPU.ActiveCfg = Release|Any CPU
		{829598FC-8F60-F139-1ABE-81EDA0ECA5E0}.Release|Any CPU.Build.0 = Release|Any CPU
	EndGlobalSection
	GlobalSection(SolutionProperties) = preSolution
		HideSolutionNode = FALSE
	EndGlobalSection
	GlobalSection(ExtensibilityGlobals) = postSolution
		SolutionGuid = {B7018151-065C-4B70-97E7-B7C9BE6BE5C6}
	EndGlobalSection
EndGlobal
